// !$*UTF8*$!
{
	archiveVersion = 1;
	classes = {
	};
	objectVersion = 55;
	objects = {

/* Begin PBXBuildFile section */
		094E31E5FBE797E47BBF9F65 /* Pods_golf_counter.framework in Frameworks */ = {isa = PBXBuildFile; fileRef = 3AB98A6A4385D5AE2BF3FFB7 /* Pods_golf_counter.framework */; };
		0E22DCFA587E8E9BE813064E /* Pods_golf_counter_WatchKit_Extension.framework in Frameworks */ = {isa = PBXBuildFile; fileRef = EA0DA618546C8B60F4B4279C /* Pods_golf_counter_WatchKit_Extension.framework */; };
		F6973A9D27AD666100662109 /* SettingList.swift in Sources */ = {isa = PBXBuildFile; fileRef = F6973A9C27AD666100662109 /* SettingList.swift */; };
		F6973A9F27AD66BB00662109 /* ResetScore.swift in Sources */ = {isa = PBXBuildFile; fileRef = F6973A9E27AD66BB00662109 /* ResetScore.swift */; };
		F6973AA327B136E800662109 /* haptic.swift in Sources */ = {isa = PBXBuildFile; fileRef = F6973AA227B136E800662109 /* haptic.swift */; };
		F6973AA527B1395700662109 /* PutterColor.swift in Sources */ = {isa = PBXBuildFile; fileRef = F6973AA427B1395600662109 /* PutterColor.swift */; };
		F6F0233E27AD3F0100973C06 /* golf-counter WatchKit App.app in Embed Watch Content */ = {isa = PBXBuildFile; fileRef = F6F0233D27AD3F0100973C06 /* golf-counter WatchKit App.app */; settings = {ATTRIBUTES = (RemoveHeadersOnCopy, ); }; };
		F6F0234327AD3F0300973C06 /* Assets.xcassets in Resources */ = {isa = PBXBuildFile; fileRef = F6F0234227AD3F0300973C06 /* Assets.xcassets */; };
		F6F0234927AD3F0300973C06 /* golf-counter WatchKit Extension.appex in Embed App Extensions */ = {isa = PBXBuildFile; fileRef = F6F0234827AD3F0300973C06 /* golf-counter WatchKit Extension.appex */; settings = {ATTRIBUTES = (RemoveHeadersOnCopy, ); }; };
		F6F0234E27AD3F0300973C06 /* ContentView.swift in Sources */ = {isa = PBXBuildFile; fileRef = F6F0234D27AD3F0300973C06 /* ContentView.swift */; };
		F6F0235027AD3F0300973C06 /* golf_counterApp.swift in Sources */ = {isa = PBXBuildFile; fileRef = F6F0234F27AD3F0300973C06 /* golf_counterApp.swift */; };
		F6F0235227AD3F0300973C06 /* ComplicationController.swift in Sources */ = {isa = PBXBuildFile; fileRef = F6F0235127AD3F0300973C06 /* ComplicationController.swift */; };
		F6F0235427AD3F0400973C06 /* Assets.xcassets in Resources */ = {isa = PBXBuildFile; fileRef = F6F0235327AD3F0400973C06 /* Assets.xcassets */; };
		F6F0235727AD3F0400973C06 /* Preview Assets.xcassets in Resources */ = {isa = PBXBuildFile; fileRef = F6F0235627AD3F0400973C06 /* Preview Assets.xcassets */; };
		F6F0236C27AD416200973C06 /* ScoreList.swift in Sources */ = {isa = PBXBuildFile; fileRef = F6F0236B27AD416200973C06 /* ScoreList.swift */; };
		F6F0236E27AD41DF00973C06 /* Scores.swift in Sources */ = {isa = PBXBuildFile; fileRef = F6F0236D27AD41DF00973C06 /* Scores.swift */; };
		F6F0237427AD436400973C06 /* Counter.swift in Sources */ = {isa = PBXBuildFile; fileRef = F6F0237327AD436400973C06 /* Counter.swift */; };
		F6F0237A27AD479600973C06 /* SaveAndPutter.swift in Sources */ = {isa = PBXBuildFile; fileRef = F6F0237927AD479600973C06 /* SaveAndPutter.swift */; };
		F6F0237C27AD480F00973C06 /* CountState.swift in Sources */ = {isa = PBXBuildFile; fileRef = F6F0237B27AD480F00973C06 /* CountState.swift */; };
		F6F0237E27AD4D0800973C06 /* InfoHole.swift in Sources */ = {isa = PBXBuildFile; fileRef = F6F0237D27AD4D0800973C06 /* InfoHole.swift */; };
		F6F0238027AD4D2800973C06 /* CountScore.swift in Sources */ = {isa = PBXBuildFile; fileRef = F6F0237F27AD4D2800973C06 /* CountScore.swift */; };
		F819664C38843E5C6F69B014 /* Pods_golf_counter_WatchKit_App.framework in Frameworks */ = {isa = PBXBuildFile; fileRef = 804F09E1F555A2096BC28192 /* Pods_golf_counter_WatchKit_App.framework */; };
/* End PBXBuildFile section */

/* Begin PBXContainerItemProxy section */
		F6F0233F27AD3F0100973C06 /* PBXContainerItemProxy */ = {
			isa = PBXContainerItemProxy;
			containerPortal = F6F0233327AD3F0100973C06 /* Project object */;
			proxyType = 1;
			remoteGlobalIDString = F6F0233C27AD3F0100973C06;
			remoteInfo = "golf-counter WatchKit App";
		};
		F6F0234A27AD3F0300973C06 /* PBXContainerItemProxy */ = {
			isa = PBXContainerItemProxy;
			containerPortal = F6F0233327AD3F0100973C06 /* Project object */;
			proxyType = 1;
			remoteGlobalIDString = F6F0234727AD3F0300973C06;
			remoteInfo = "golf-counter WatchKit Extension";
		};
/* End PBXContainerItemProxy section */

/* Begin PBXCopyFilesBuildPhase section */
		F6F0235E27AD3F0400973C06 /* Embed App Extensions */ = {
			isa = PBXCopyFilesBuildPhase;
			buildActionMask = 2147483647;
			dstPath = "";
			dstSubfolderSpec = 13;
			files = (
				F6F0234927AD3F0300973C06 /* golf-counter WatchKit Extension.appex in Embed App Extensions */,
			);
			name = "Embed App Extensions";
			runOnlyForDeploymentPostprocessing = 0;
		};
		F6F0236227AD3F0400973C06 /* Embed Watch Content */ = {
			isa = PBXCopyFilesBuildPhase;
			buildActionMask = 2147483647;
			dstPath = "$(CONTENTS_FOLDER_PATH)/Watch";
			dstSubfolderSpec = 16;
			files = (
				F6F0233E27AD3F0100973C06 /* golf-counter WatchKit App.app in Embed Watch Content */,
			);
			name = "Embed Watch Content";
			runOnlyForDeploymentPostprocessing = 0;
		};
/* End PBXCopyFilesBuildPhase section */

/* Begin PBXFileReference section */
		3AB98A6A4385D5AE2BF3FFB7 /* Pods_golf_counter.framework */ = {isa = PBXFileReference; explicitFileType = wrapper.framework; includeInIndex = 0; path = Pods_golf_counter.framework; sourceTree = BUILT_PRODUCTS_DIR; };
		44644BDCB1B6C222B4780688 /* Pods-golf-counter WatchKit Extension.debug.xcconfig */ = {isa = PBXFileReference; includeInIndex = 1; lastKnownFileType = text.xcconfig; name = "Pods-golf-counter WatchKit Extension.debug.xcconfig"; path = "Target Support Files/Pods-golf-counter WatchKit Extension/Pods-golf-counter WatchKit Extension.debug.xcconfig"; sourceTree = "<group>"; };
		804F09E1F555A2096BC28192 /* Pods_golf_counter_WatchKit_App.framework */ = {isa = PBXFileReference; explicitFileType = wrapper.framework; includeInIndex = 0; path = Pods_golf_counter_WatchKit_App.framework; sourceTree = BUILT_PRODUCTS_DIR; };
		87DFB0C2616BF34DE81A20B2 /* Pods-golf-counter.release.xcconfig */ = {isa = PBXFileReference; includeInIndex = 1; lastKnownFileType = text.xcconfig; name = "Pods-golf-counter.release.xcconfig"; path = "Target Support Files/Pods-golf-counter/Pods-golf-counter.release.xcconfig"; sourceTree = "<group>"; };
		99325400B9F98841B32994E5 /* Pods-golf-counter.debug.xcconfig */ = {isa = PBXFileReference; includeInIndex = 1; lastKnownFileType = text.xcconfig; name = "Pods-golf-counter.debug.xcconfig"; path = "Target Support Files/Pods-golf-counter/Pods-golf-counter.debug.xcconfig"; sourceTree = "<group>"; };
		9DB9E1742BC04EAA2249A86E /* Pods-golf-counter WatchKit App.debug.xcconfig */ = {isa = PBXFileReference; includeInIndex = 1; lastKnownFileType = text.xcconfig; name = "Pods-golf-counter WatchKit App.debug.xcconfig"; path = "Target Support Files/Pods-golf-counter WatchKit App/Pods-golf-counter WatchKit App.debug.xcconfig"; sourceTree = "<group>"; };
		BA5F290821F5988536C36EA5 /* Pods-golf-counter WatchKit App.release.xcconfig */ = {isa = PBXFileReference; includeInIndex = 1; lastKnownFileType = text.xcconfig; name = "Pods-golf-counter WatchKit App.release.xcconfig"; path = "Target Support Files/Pods-golf-counter WatchKit App/Pods-golf-counter WatchKit App.release.xcconfig"; sourceTree = "<group>"; };
		DEFDECAAE15074C34887442E /* Pods-golf-counter WatchKit Extension.release.xcconfig */ = {isa = PBXFileReference; includeInIndex = 1; lastKnownFileType = text.xcconfig; name = "Pods-golf-counter WatchKit Extension.release.xcconfig"; path = "Target Support Files/Pods-golf-counter WatchKit Extension/Pods-golf-counter WatchKit Extension.release.xcconfig"; sourceTree = "<group>"; };
		EA0DA618546C8B60F4B4279C /* Pods_golf_counter_WatchKit_Extension.framework */ = {isa = PBXFileReference; explicitFileType = wrapper.framework; includeInIndex = 0; path = Pods_golf_counter_WatchKit_Extension.framework; sourceTree = BUILT_PRODUCTS_DIR; };
		F6973A9C27AD666100662109 /* SettingList.swift */ = {isa = PBXFileReference; lastKnownFileType = sourcecode.swift; path = SettingList.swift; sourceTree = "<group>"; };
		F6973A9E27AD66BB00662109 /* ResetScore.swift */ = {isa = PBXFileReference; lastKnownFileType = sourcecode.swift; path = ResetScore.swift; sourceTree = "<group>"; };
		F6973AA227B136E800662109 /* haptic.swift */ = {isa = PBXFileReference; lastKnownFileType = sourcecode.swift; path = haptic.swift; sourceTree = "<group>"; };
		F6973AA427B1395600662109 /* PutterColor.swift */ = {isa = PBXFileReference; lastKnownFileType = sourcecode.swift; path = PutterColor.swift; sourceTree = "<group>"; };
		F6F0233927AD3F0100973C06 /* golf-counter.app */ = {isa = PBXFileReference; explicitFileType = wrapper.application; includeInIndex = 0; path = "golf-counter.app"; sourceTree = BUILT_PRODUCTS_DIR; };
		F6F0233D27AD3F0100973C06 /* golf-counter WatchKit App.app */ = {isa = PBXFileReference; explicitFileType = wrapper.application; includeInIndex = 0; path = "golf-counter WatchKit App.app"; sourceTree = BUILT_PRODUCTS_DIR; };
		F6F0234227AD3F0300973C06 /* Assets.xcassets */ = {isa = PBXFileReference; lastKnownFileType = folder.assetcatalog; path = Assets.xcassets; sourceTree = "<group>"; };
		F6F0234827AD3F0300973C06 /* golf-counter WatchKit Extension.appex */ = {isa = PBXFileReference; explicitFileType = "wrapper.app-extension"; includeInIndex = 0; path = "golf-counter WatchKit Extension.appex"; sourceTree = BUILT_PRODUCTS_DIR; };
		F6F0234D27AD3F0300973C06 /* ContentView.swift */ = {isa = PBXFileReference; lastKnownFileType = sourcecode.swift; path = ContentView.swift; sourceTree = "<group>"; };
		F6F0234F27AD3F0300973C06 /* golf_counterApp.swift */ = {isa = PBXFileReference; lastKnownFileType = sourcecode.swift; path = golf_counterApp.swift; sourceTree = "<group>"; };
		F6F0235127AD3F0300973C06 /* ComplicationController.swift */ = {isa = PBXFileReference; lastKnownFileType = sourcecode.swift; path = ComplicationController.swift; sourceTree = "<group>"; };
		F6F0235327AD3F0400973C06 /* Assets.xcassets */ = {isa = PBXFileReference; lastKnownFileType = folder.assetcatalog; path = Assets.xcassets; sourceTree = "<group>"; };
		F6F0235627AD3F0400973C06 /* Preview Assets.xcassets */ = {isa = PBXFileReference; lastKnownFileType = folder.assetcatalog; path = "Preview Assets.xcassets"; sourceTree = "<group>"; };
		F6F0235827AD3F0400973C06 /* Info.plist */ = {isa = PBXFileReference; lastKnownFileType = text.plist.xml; path = Info.plist; sourceTree = "<group>"; };
		F6F0236B27AD416200973C06 /* ScoreList.swift */ = {isa = PBXFileReference; lastKnownFileType = sourcecode.swift; path = ScoreList.swift; sourceTree = "<group>"; };
		F6F0236D27AD41DF00973C06 /* Scores.swift */ = {isa = PBXFileReference; lastKnownFileType = sourcecode.swift; path = Scores.swift; sourceTree = "<group>"; };
		F6F0237327AD436400973C06 /* Counter.swift */ = {isa = PBXFileReference; lastKnownFileType = sourcecode.swift; path = Counter.swift; sourceTree = "<group>"; };
		F6F0237927AD479600973C06 /* SaveAndPutter.swift */ = {isa = PBXFileReference; lastKnownFileType = sourcecode.swift; path = SaveAndPutter.swift; sourceTree = "<group>"; };
		F6F0237B27AD480F00973C06 /* CountState.swift */ = {isa = PBXFileReference; lastKnownFileType = sourcecode.swift; path = CountState.swift; sourceTree = "<group>"; };
		F6F0237D27AD4D0800973C06 /* InfoHole.swift */ = {isa = PBXFileReference; lastKnownFileType = sourcecode.swift; path = InfoHole.swift; sourceTree = "<group>"; };
		F6F0237F27AD4D2800973C06 /* CountScore.swift */ = {isa = PBXFileReference; lastKnownFileType = sourcecode.swift; path = CountScore.swift; sourceTree = "<group>"; };
/* End PBXFileReference section */

/* Begin PBXFrameworksBuildPhase section */
		968967C81386497756D32571 /* Frameworks */ = {
			isa = PBXFrameworksBuildPhase;
			buildActionMask = 2147483647;
			files = (
				094E31E5FBE797E47BBF9F65 /* Pods_golf_counter.framework in Frameworks */,
			);
			runOnlyForDeploymentPostprocessing = 0;
		};
		B82675AAB84C5E2F8AF51582 /* Frameworks */ = {
			isa = PBXFrameworksBuildPhase;
			buildActionMask = 2147483647;
			files = (
				F819664C38843E5C6F69B014 /* Pods_golf_counter_WatchKit_App.framework in Frameworks */,
			);
			runOnlyForDeploymentPostprocessing = 0;
		};
		F6F0234527AD3F0300973C06 /* Frameworks */ = {
			isa = PBXFrameworksBuildPhase;
			buildActionMask = 2147483647;
			files = (
				0E22DCFA587E8E9BE813064E /* Pods_golf_counter_WatchKit_Extension.framework in Frameworks */,
			);
			runOnlyForDeploymentPostprocessing = 0;
		};
/* End PBXFrameworksBuildPhase section */

/* Begin PBXGroup section */
		1F614C3E96DA10B37405C535 /* Frameworks */ = {
			isa = PBXGroup;
			children = (
				3AB98A6A4385D5AE2BF3FFB7 /* Pods_golf_counter.framework */,
				804F09E1F555A2096BC28192 /* Pods_golf_counter_WatchKit_App.framework */,
				EA0DA618546C8B60F4B4279C /* Pods_golf_counter_WatchKit_Extension.framework */,
			);
			name = Frameworks;
			sourceTree = "<group>";
		};
		8AFA35D382FEACE23CB5F467 /* Pods */ = {
			isa = PBXGroup;
			children = (
				99325400B9F98841B32994E5 /* Pods-golf-counter.debug.xcconfig */,
				87DFB0C2616BF34DE81A20B2 /* Pods-golf-counter.release.xcconfig */,
				9DB9E1742BC04EAA2249A86E /* Pods-golf-counter WatchKit App.debug.xcconfig */,
				BA5F290821F5988536C36EA5 /* Pods-golf-counter WatchKit App.release.xcconfig */,
				44644BDCB1B6C222B4780688 /* Pods-golf-counter WatchKit Extension.debug.xcconfig */,
				DEFDECAAE15074C34887442E /* Pods-golf-counter WatchKit Extension.release.xcconfig */,
			);
			name = Pods;
			path = Pods;
			sourceTree = "<group>";
		};
		F6F0233227AD3F0100973C06 = {
			isa = PBXGroup;
			children = (
				F6F0234127AD3F0100973C06 /* golf-counter WatchKit App */,
				F6F0234C27AD3F0300973C06 /* golf-counter WatchKit Extension */,
				F6F0233A27AD3F0100973C06 /* Products */,
				8AFA35D382FEACE23CB5F467 /* Pods */,
				1F614C3E96DA10B37405C535 /* Frameworks */,
			);
			sourceTree = "<group>";
		};
		F6F0233A27AD3F0100973C06 /* Products */ = {
			isa = PBXGroup;
			children = (
				F6F0233927AD3F0100973C06 /* golf-counter.app */,
				F6F0233D27AD3F0100973C06 /* golf-counter WatchKit App.app */,
				F6F0234827AD3F0300973C06 /* golf-counter WatchKit Extension.appex */,
			);
			name = Products;
			sourceTree = "<group>";
		};
		F6F0234127AD3F0100973C06 /* golf-counter WatchKit App */ = {
			isa = PBXGroup;
			children = (
				F6F0234227AD3F0300973C06 /* Assets.xcassets */,
			);
			path = "golf-counter WatchKit App";
			sourceTree = "<group>";
		};
		F6F0234C27AD3F0300973C06 /* golf-counter WatchKit Extension */ = {
			isa = PBXGroup;
			children = (
				F6F0234F27AD3F0300973C06 /* golf_counterApp.swift */,
				F6F0236727AD411600973C06 /* Models */,
				F6F0236627AD3FEA00973C06 /* Views */,
				F6F0235127AD3F0300973C06 /* ComplicationController.swift */,
				F6F0235327AD3F0400973C06 /* Assets.xcassets */,
				F6F0235827AD3F0400973C06 /* Info.plist */,
				F6F0235527AD3F0400973C06 /* Preview Content */,
			);
			path = "golf-counter WatchKit Extension";
			sourceTree = "<group>";
		};
		F6F0235527AD3F0400973C06 /* Preview Content */ = {
			isa = PBXGroup;
			children = (
				F6F0235627AD3F0400973C06 /* Preview Assets.xcassets */,
			);
			path = "Preview Content";
			sourceTree = "<group>";
		};
		F6F0236627AD3FEA00973C06 /* Views */ = {
			isa = PBXGroup;
			children = (
				F6F0234D27AD3F0300973C06 /* ContentView.swift */,
				F6973AA227B136E800662109 /* haptic.swift */,
				F6F0236A27AD414E00973C06 /* Score */,
				F6F0236927AD414800973C06 /* Setting */,
				F6F0236827AD413600973C06 /* Counter */,
			);
			path = Views;
			sourceTree = "<group>";
		};
		F6F0236727AD411600973C06 /* Models */ = {
			isa = PBXGroup;
			children = (
				F6F0236D27AD41DF00973C06 /* Scores.swift */,
				F6F0237B27AD480F00973C06 /* CountState.swift */,
			);
			path = Models;
			sourceTree = "<group>";
		};
		F6F0236827AD413600973C06 /* Counter */ = {
			isa = PBXGroup;
			children = (
				F6F0237327AD436400973C06 /* Counter.swift */,
				F6F0237D27AD4D0800973C06 /* InfoHole.swift */,
				F6F0237F27AD4D2800973C06 /* CountScore.swift */,
				F6F0237927AD479600973C06 /* SaveAndPutter.swift */,
			);
			path = Counter;
			sourceTree = "<group>";
		};
		F6F0236927AD414800973C06 /* Setting */ = {
			isa = PBXGroup;
			children = (
				F6973A9C27AD666100662109 /* SettingList.swift */,
				F6973A9E27AD66BB00662109 /* ResetScore.swift */,
				F6973AA427B1395600662109 /* PutterColor.swift */,
			);
			path = Setting;
			sourceTree = "<group>";
		};
		F6F0236A27AD414E00973C06 /* Score */ = {
			isa = PBXGroup;
			children = (
				F6F0236B27AD416200973C06 /* ScoreList.swift */,
			);
			path = Score;
			sourceTree = "<group>";
		};
/* End PBXGroup section */

/* Begin PBXNativeTarget section */
		F6F0233827AD3F0100973C06 /* golf-counter */ = {
			isa = PBXNativeTarget;
			buildConfigurationList = F6F0236327AD3F0400973C06 /* Build configuration list for PBXNativeTarget "golf-counter" */;
			buildPhases = (
				1CDA778D7519754DFF52189A /* [CP] Check Pods Manifest.lock */,
				F6F0233727AD3F0100973C06 /* Resources */,
				F6F0236227AD3F0400973C06 /* Embed Watch Content */,
				968967C81386497756D32571 /* Frameworks */,
			);
			buildRules = (
			);
			dependencies = (
				F6F0234027AD3F0100973C06 /* PBXTargetDependency */,
			);
			name = "golf-counter";
			productName = "golf-counter";
			productReference = F6F0233927AD3F0100973C06 /* golf-counter.app */;
			productType = "com.apple.product-type.application.watchapp2-container";
		};
		F6F0233C27AD3F0100973C06 /* golf-counter WatchKit App */ = {
			isa = PBXNativeTarget;
			buildConfigurationList = F6F0235F27AD3F0400973C06 /* Build configuration list for PBXNativeTarget "golf-counter WatchKit App" */;
			buildPhases = (
				3DB423E4C613F2720775FC4B /* [CP] Check Pods Manifest.lock */,
				F6F0233B27AD3F0100973C06 /* Resources */,
				F6F0235E27AD3F0400973C06 /* Embed App Extensions */,
				B82675AAB84C5E2F8AF51582 /* Frameworks */,
			);
			buildRules = (
			);
			dependencies = (
				F6F0234B27AD3F0300973C06 /* PBXTargetDependency */,
			);
			name = "golf-counter WatchKit App";
			productName = "golf-counter WatchKit App";
			productReference = F6F0233D27AD3F0100973C06 /* golf-counter WatchKit App.app */;
			productType = "com.apple.product-type.application.watchapp2";
		};
		F6F0234727AD3F0300973C06 /* golf-counter WatchKit Extension */ = {
			isa = PBXNativeTarget;
			buildConfigurationList = F6F0235B27AD3F0400973C06 /* Build configuration list for PBXNativeTarget "golf-counter WatchKit Extension" */;
			buildPhases = (
				921A6260D6017207D73531C5 /* [CP] Check Pods Manifest.lock */,
				F6F0234427AD3F0300973C06 /* Sources */,
				F6F0234527AD3F0300973C06 /* Frameworks */,
				F6F0234627AD3F0300973C06 /* Resources */,
				77EB8D16FCEB10B74A14DC57 /* [CP] Embed Pods Frameworks */,
			);
			buildRules = (
			);
			dependencies = (
			);
			name = "golf-counter WatchKit Extension";
			productName = "golf-counter WatchKit Extension";
			productReference = F6F0234827AD3F0300973C06 /* golf-counter WatchKit Extension.appex */;
			productType = "com.apple.product-type.watchkit2-extension";
		};
/* End PBXNativeTarget section */

/* Begin PBXProject section */
		F6F0233327AD3F0100973C06 /* Project object */ = {
			isa = PBXProject;
			attributes = {
				BuildIndependentTargetsInParallel = 1;
				LastSwiftUpdateCheck = 1320;
				LastUpgradeCheck = 1320;
				TargetAttributes = {
					F6F0233827AD3F0100973C06 = {
						CreatedOnToolsVersion = 13.2.1;
					};
					F6F0233C27AD3F0100973C06 = {
						CreatedOnToolsVersion = 13.2.1;
					};
					F6F0234727AD3F0300973C06 = {
						CreatedOnToolsVersion = 13.2.1;
					};
				};
			};
			buildConfigurationList = F6F0233627AD3F0100973C06 /* Build configuration list for PBXProject "golf-counter" */;
			compatibilityVersion = "Xcode 13.0";
			developmentRegion = en;
			hasScannedForEncodings = 0;
			knownRegions = (
				en,
				Base,
			);
			mainGroup = F6F0233227AD3F0100973C06;
			productRefGroup = F6F0233A27AD3F0100973C06 /* Products */;
			projectDirPath = "";
			projectRoot = "";
			targets = (
				F6F0233827AD3F0100973C06 /* golf-counter */,
				F6F0233C27AD3F0100973C06 /* golf-counter WatchKit App */,
				F6F0234727AD3F0300973C06 /* golf-counter WatchKit Extension */,
			);
		};
/* End PBXProject section */

/* Begin PBXResourcesBuildPhase section */
		F6F0233727AD3F0100973C06 /* Resources */ = {
			isa = PBXResourcesBuildPhase;
			buildActionMask = 2147483647;
			files = (
			);
			runOnlyForDeploymentPostprocessing = 0;
		};
		F6F0233B27AD3F0100973C06 /* Resources */ = {
			isa = PBXResourcesBuildPhase;
			buildActionMask = 2147483647;
			files = (
				F6F0234327AD3F0300973C06 /* Assets.xcassets in Resources */,
			);
			runOnlyForDeploymentPostprocessing = 0;
		};
		F6F0234627AD3F0300973C06 /* Resources */ = {
			isa = PBXResourcesBuildPhase;
			buildActionMask = 2147483647;
			files = (
				F6F0235727AD3F0400973C06 /* Preview Assets.xcassets in Resources */,
				F6F0235427AD3F0400973C06 /* Assets.xcassets in Resources */,
			);
			runOnlyForDeploymentPostprocessing = 0;
		};
/* End PBXResourcesBuildPhase section */

/* Begin PBXShellScriptBuildPhase section */
		1CDA778D7519754DFF52189A /* [CP] Check Pods Manifest.lock */ = {
			isa = PBXShellScriptBuildPhase;
			buildActionMask = 2147483647;
			files = (
			);
			inputFileListPaths = (
			);
			inputPaths = (
				"${PODS_PODFILE_DIR_PATH}/Podfile.lock",
				"${PODS_ROOT}/Manifest.lock",
			);
			name = "[CP] Check Pods Manifest.lock";
			outputFileListPaths = (
			);
			outputPaths = (
				"$(DERIVED_FILE_DIR)/Pods-golf-counter-checkManifestLockResult.txt",
			);
			runOnlyForDeploymentPostprocessing = 0;
			shellPath = /bin/sh;
			shellScript = "diff \"${PODS_PODFILE_DIR_PATH}/Podfile.lock\" \"${PODS_ROOT}/Manifest.lock\" > /dev/null\nif [ $? != 0 ] ; then\n    # print error to STDERR\n    echo \"error: The sandbox is not in sync with the Podfile.lock. Run 'pod install' or update your CocoaPods installation.\" >&2\n    exit 1\nfi\n# This output is used by Xcode 'outputs' to avoid re-running this script phase.\necho \"SUCCESS\" > \"${SCRIPT_OUTPUT_FILE_0}\"\n";
			showEnvVarsInLog = 0;
		};
		3DB423E4C613F2720775FC4B /* [CP] Check Pods Manifest.lock */ = {
			isa = PBXShellScriptBuildPhase;
			buildActionMask = 2147483647;
			files = (
			);
			inputFileListPaths = (
			);
			inputPaths = (
				"${PODS_PODFILE_DIR_PATH}/Podfile.lock",
				"${PODS_ROOT}/Manifest.lock",
			);
			name = "[CP] Check Pods Manifest.lock";
			outputFileListPaths = (
			);
			outputPaths = (
				"$(DERIVED_FILE_DIR)/Pods-golf-counter WatchKit App-checkManifestLockResult.txt",
			);
			runOnlyForDeploymentPostprocessing = 0;
			shellPath = /bin/sh;
			shellScript = "diff \"${PODS_PODFILE_DIR_PATH}/Podfile.lock\" \"${PODS_ROOT}/Manifest.lock\" > /dev/null\nif [ $? != 0 ] ; then\n    # print error to STDERR\n    echo \"error: The sandbox is not in sync with the Podfile.lock. Run 'pod install' or update your CocoaPods installation.\" >&2\n    exit 1\nfi\n# This output is used by Xcode 'outputs' to avoid re-running this script phase.\necho \"SUCCESS\" > \"${SCRIPT_OUTPUT_FILE_0}\"\n";
			showEnvVarsInLog = 0;
		};
		77EB8D16FCEB10B74A14DC57 /* [CP] Embed Pods Frameworks */ = {
			isa = PBXShellScriptBuildPhase;
			buildActionMask = 2147483647;
			files = (
			);
			inputFileListPaths = (
				"${PODS_ROOT}/Target Support Files/Pods-golf-counter WatchKit Extension/Pods-golf-counter WatchKit Extension-frameworks-${CONFIGURATION}-input-files.xcfilelist",
			);
			name = "[CP] Embed Pods Frameworks";
			outputFileListPaths = (
				"${PODS_ROOT}/Target Support Files/Pods-golf-counter WatchKit Extension/Pods-golf-counter WatchKit Extension-frameworks-${CONFIGURATION}-output-files.xcfilelist",
			);
			runOnlyForDeploymentPostprocessing = 0;
			shellPath = /bin/sh;
			shellScript = "\"${PODS_ROOT}/Target Support Files/Pods-golf-counter WatchKit Extension/Pods-golf-counter WatchKit Extension-frameworks.sh\"\n";
			showEnvVarsInLog = 0;
		};
		921A6260D6017207D73531C5 /* [CP] Check Pods Manifest.lock */ = {
			isa = PBXShellScriptBuildPhase;
			buildActionMask = 2147483647;
			files = (
			);
			inputFileListPaths = (
			);
			inputPaths = (
				"${PODS_PODFILE_DIR_PATH}/Podfile.lock",
				"${PODS_ROOT}/Manifest.lock",
			);
			name = "[CP] Check Pods Manifest.lock";
			outputFileListPaths = (
			);
			outputPaths = (
				"$(DERIVED_FILE_DIR)/Pods-golf-counter WatchKit Extension-checkManifestLockResult.txt",
			);
			runOnlyForDeploymentPostprocessing = 0;
			shellPath = /bin/sh;
			shellScript = "diff \"${PODS_PODFILE_DIR_PATH}/Podfile.lock\" \"${PODS_ROOT}/Manifest.lock\" > /dev/null\nif [ $? != 0 ] ; then\n    # print error to STDERR\n    echo \"error: The sandbox is not in sync with the Podfile.lock. Run 'pod install' or update your CocoaPods installation.\" >&2\n    exit 1\nfi\n# This output is used by Xcode 'outputs' to avoid re-running this script phase.\necho \"SUCCESS\" > \"${SCRIPT_OUTPUT_FILE_0}\"\n";
			showEnvVarsInLog = 0;
		};
/* End PBXShellScriptBuildPhase section */

/* Begin PBXSourcesBuildPhase section */
		F6F0234427AD3F0300973C06 /* Sources */ = {
			isa = PBXSourcesBuildPhase;
			buildActionMask = 2147483647;
			files = (
				F6F0237C27AD480F00973C06 /* CountState.swift in Sources */,
				F6F0235027AD3F0300973C06 /* golf_counterApp.swift in Sources */,
				F6973A9D27AD666100662109 /* SettingList.swift in Sources */,
				F6F0236C27AD416200973C06 /* ScoreList.swift in Sources */,
				F6F0237A27AD479600973C06 /* SaveAndPutter.swift in Sources */,
				F6973AA527B1395700662109 /* PutterColor.swift in Sources */,
				F6F0237427AD436400973C06 /* Counter.swift in Sources */,
				F6F0236E27AD41DF00973C06 /* Scores.swift in Sources */,
				F6F0238027AD4D2800973C06 /* CountScore.swift in Sources */,
				F6F0234E27AD3F0300973C06 /* ContentView.swift in Sources */,
				F6F0235227AD3F0300973C06 /* ComplicationController.swift in Sources */,
				F6973A9F27AD66BB00662109 /* ResetScore.swift in Sources */,
				F6F0237E27AD4D0800973C06 /* InfoHole.swift in Sources */,
				F6973AA327B136E800662109 /* haptic.swift in Sources */,
			);
			runOnlyForDeploymentPostprocessing = 0;
		};
/* End PBXSourcesBuildPhase section */

/* Begin PBXTargetDependency section */
		F6F0234027AD3F0100973C06 /* PBXTargetDependency */ = {
			isa = PBXTargetDependency;
			target = F6F0233C27AD3F0100973C06 /* golf-counter WatchKit App */;
			targetProxy = F6F0233F27AD3F0100973C06 /* PBXContainerItemProxy */;
		};
		F6F0234B27AD3F0300973C06 /* PBXTargetDependency */ = {
			isa = PBXTargetDependency;
			target = F6F0234727AD3F0300973C06 /* golf-counter WatchKit Extension */;
			targetProxy = F6F0234A27AD3F0300973C06 /* PBXContainerItemProxy */;
		};
/* End PBXTargetDependency section */

/* Begin XCBuildConfiguration section */
		F6F0235927AD3F0400973C06 /* Debug */ = {
			isa = XCBuildConfiguration;
			buildSettings = {
				ALWAYS_SEARCH_USER_PATHS = NO;
				CLANG_ANALYZER_NONNULL = YES;
				CLANG_ANALYZER_NUMBER_OBJECT_CONVERSION = YES_AGGRESSIVE;
				CLANG_CXX_LANGUAGE_STANDARD = "gnu++17";
				CLANG_CXX_LIBRARY = "libc++";
				CLANG_ENABLE_MODULES = YES;
				CLANG_ENABLE_OBJC_ARC = YES;
				CLANG_ENABLE_OBJC_WEAK = YES;
				CLANG_WARN_BLOCK_CAPTURE_AUTORELEASING = YES;
				CLANG_WARN_BOOL_CONVERSION = YES;
				CLANG_WARN_COMMA = YES;
				CLANG_WARN_CONSTANT_CONVERSION = YES;
				CLANG_WARN_DEPRECATED_OBJC_IMPLEMENTATIONS = YES;
				CLANG_WARN_DIRECT_OBJC_ISA_USAGE = YES_ERROR;
				CLANG_WARN_DOCUMENTATION_COMMENTS = YES;
				CLANG_WARN_EMPTY_BODY = YES;
				CLANG_WARN_ENUM_CONVERSION = YES;
				CLANG_WARN_INFINITE_RECURSION = YES;
				CLANG_WARN_INT_CONVERSION = YES;
				CLANG_WARN_NON_LITERAL_NULL_CONVERSION = YES;
				CLANG_WARN_OBJC_IMPLICIT_RETAIN_SELF = YES;
				CLANG_WARN_OBJC_LITERAL_CONVERSION = YES;
				CLANG_WARN_OBJC_ROOT_CLASS = YES_ERROR;
				CLANG_WARN_QUOTED_INCLUDE_IN_FRAMEWORK_HEADER = YES;
				CLANG_WARN_RANGE_LOOP_ANALYSIS = YES;
				CLANG_WARN_STRICT_PROTOTYPES = YES;
				CLANG_WARN_SUSPICIOUS_MOVE = YES;
				CLANG_WARN_UNGUARDED_AVAILABILITY = YES_AGGRESSIVE;
				CLANG_WARN_UNREACHABLE_CODE = YES;
				CLANG_WARN__DUPLICATE_METHOD_MATCH = YES;
				COPY_PHASE_STRIP = NO;
				DEBUG_INFORMATION_FORMAT = dwarf;
				ENABLE_STRICT_OBJC_MSGSEND = YES;
				ENABLE_TESTABILITY = YES;
				GCC_C_LANGUAGE_STANDARD = gnu11;
				GCC_DYNAMIC_NO_PIC = NO;
				GCC_NO_COMMON_BLOCKS = YES;
				GCC_OPTIMIZATION_LEVEL = 0;
				GCC_PREPROCESSOR_DEFINITIONS = (
					"DEBUG=1",
					"$(inherited)",
				);
				GCC_WARN_64_TO_32_BIT_CONVERSION = YES;
				GCC_WARN_ABOUT_RETURN_TYPE = YES_ERROR;
				GCC_WARN_UNDECLARED_SELECTOR = YES;
				GCC_WARN_UNINITIALIZED_AUTOS = YES_AGGRESSIVE;
				GCC_WARN_UNUSED_FUNCTION = YES;
				GCC_WARN_UNUSED_VARIABLE = YES;
				MTL_ENABLE_DEBUG_INFO = INCLUDE_SOURCE;
				MTL_FAST_MATH = YES;
				ONLY_ACTIVE_ARCH = YES;
				SDKROOT = iphoneos;
				SWIFT_ACTIVE_COMPILATION_CONDITIONS = DEBUG;
				SWIFT_OPTIMIZATION_LEVEL = "-Onone";
			};
			name = Debug;
		};
		F6F0235A27AD3F0400973C06 /* Release */ = {
			isa = XCBuildConfiguration;
			buildSettings = {
				ALWAYS_SEARCH_USER_PATHS = NO;
				CLANG_ANALYZER_NONNULL = YES;
				CLANG_ANALYZER_NUMBER_OBJECT_CONVERSION = YES_AGGRESSIVE;
				CLANG_CXX_LANGUAGE_STANDARD = "gnu++17";
				CLANG_CXX_LIBRARY = "libc++";
				CLANG_ENABLE_MODULES = YES;
				CLANG_ENABLE_OBJC_ARC = YES;
				CLANG_ENABLE_OBJC_WEAK = YES;
				CLANG_WARN_BLOCK_CAPTURE_AUTORELEASING = YES;
				CLANG_WARN_BOOL_CONVERSION = YES;
				CLANG_WARN_COMMA = YES;
				CLANG_WARN_CONSTANT_CONVERSION = YES;
				CLANG_WARN_DEPRECATED_OBJC_IMPLEMENTATIONS = YES;
				CLANG_WARN_DIRECT_OBJC_ISA_USAGE = YES_ERROR;
				CLANG_WARN_DOCUMENTATION_COMMENTS = YES;
				CLANG_WARN_EMPTY_BODY = YES;
				CLANG_WARN_ENUM_CONVERSION = YES;
				CLANG_WARN_INFINITE_RECURSION = YES;
				CLANG_WARN_INT_CONVERSION = YES;
				CLANG_WARN_NON_LITERAL_NULL_CONVERSION = YES;
				CLANG_WARN_OBJC_IMPLICIT_RETAIN_SELF = YES;
				CLANG_WARN_OBJC_LITERAL_CONVERSION = YES;
				CLANG_WARN_OBJC_ROOT_CLASS = YES_ERROR;
				CLANG_WARN_QUOTED_INCLUDE_IN_FRAMEWORK_HEADER = YES;
				CLANG_WARN_RANGE_LOOP_ANALYSIS = YES;
				CLANG_WARN_STRICT_PROTOTYPES = YES;
				CLANG_WARN_SUSPICIOUS_MOVE = YES;
				CLANG_WARN_UNGUARDED_AVAILABILITY = YES_AGGRESSIVE;
				CLANG_WARN_UNREACHABLE_CODE = YES;
				CLANG_WARN__DUPLICATE_METHOD_MATCH = YES;
				COPY_PHASE_STRIP = NO;
				DEBUG_INFORMATION_FORMAT = "dwarf-with-dsym";
				ENABLE_NS_ASSERTIONS = NO;
				ENABLE_STRICT_OBJC_MSGSEND = YES;
				GCC_C_LANGUAGE_STANDARD = gnu11;
				GCC_NO_COMMON_BLOCKS = YES;
				GCC_WARN_64_TO_32_BIT_CONVERSION = YES;
				GCC_WARN_ABOUT_RETURN_TYPE = YES_ERROR;
				GCC_WARN_UNDECLARED_SELECTOR = YES;
				GCC_WARN_UNINITIALIZED_AUTOS = YES_AGGRESSIVE;
				GCC_WARN_UNUSED_FUNCTION = YES;
				GCC_WARN_UNUSED_VARIABLE = YES;
				MTL_ENABLE_DEBUG_INFO = NO;
				MTL_FAST_MATH = YES;
				SDKROOT = iphoneos;
				SWIFT_COMPILATION_MODE = wholemodule;
				SWIFT_OPTIMIZATION_LEVEL = "-O";
				VALIDATE_PRODUCT = YES;
			};
			name = Release;
		};
		F6F0235C27AD3F0400973C06 /* Debug */ = {
			isa = XCBuildConfiguration;
			baseConfigurationReference = 44644BDCB1B6C222B4780688 /* Pods-golf-counter WatchKit Extension.debug.xcconfig */;
			buildSettings = {
				ASSETCATALOG_COMPILER_COMPLICATION_NAME = Complication;
				CODE_SIGN_STYLE = Automatic;
				CURRENT_PROJECT_VERSION = 1;
				DEVELOPMENT_ASSET_PATHS = "\"golf-counter WatchKit Extension/Preview Content\"";
				DEVELOPMENT_TEAM = T7WCWPY535;
				ENABLE_PREVIEWS = YES;
				GENERATE_INFOPLIST_FILE = YES;
				INFOPLIST_FILE = "golf-counter WatchKit Extension/Info.plist";
				INFOPLIST_KEY_CFBundleDisplayName = "golf-counter WatchKit Extension";
				INFOPLIST_KEY_CLKComplicationPrincipalClass = "$(PRODUCT_MODULE_NAME).ComplicationController";
				INFOPLIST_KEY_NSHumanReadableCopyright = "";
				INFOPLIST_KEY_WKWatchOnly = YES;
				LD_RUNPATH_SEARCH_PATHS = (
					"$(inherited)",
					"@executable_path/Frameworks",
					"@executable_path/../../Frameworks",
				);
				MARKETING_VERSION = 1.0;
				PRODUCT_BUNDLE_IDENTIFIER = "com.higaki.golf-counter.watchkitapp.watchkitextension";
				PRODUCT_NAME = "${TARGET_NAME}";
				SDKROOT = watchos;
				SKIP_INSTALL = YES;
				SWIFT_EMIT_LOC_STRINGS = YES;
				SWIFT_VERSION = 5.0;
				TARGETED_DEVICE_FAMILY = 4;
				WATCHOS_DEPLOYMENT_TARGET = 8.3;
			};
			name = Debug;
		};
		F6F0235D27AD3F0400973C06 /* Release */ = {
			isa = XCBuildConfiguration;
			baseConfigurationReference = DEFDECAAE15074C34887442E /* Pods-golf-counter WatchKit Extension.release.xcconfig */;
			buildSettings = {
				ASSETCATALOG_COMPILER_COMPLICATION_NAME = Complication;
				CODE_SIGN_STYLE = Automatic;
				CURRENT_PROJECT_VERSION = 1;
				DEVELOPMENT_ASSET_PATHS = "\"golf-counter WatchKit Extension/Preview Content\"";
				DEVELOPMENT_TEAM = T7WCWPY535;
				ENABLE_PREVIEWS = YES;
				GENERATE_INFOPLIST_FILE = YES;
				INFOPLIST_FILE = "golf-counter WatchKit Extension/Info.plist";
				INFOPLIST_KEY_CFBundleDisplayName = "golf-counter WatchKit Extension";
				INFOPLIST_KEY_CLKComplicationPrincipalClass = "$(PRODUCT_MODULE_NAME).ComplicationController";
				INFOPLIST_KEY_NSHumanReadableCopyright = "";
				INFOPLIST_KEY_WKWatchOnly = YES;
				LD_RUNPATH_SEARCH_PATHS = (
					"$(inherited)",
					"@executable_path/Frameworks",
					"@executable_path/../../Frameworks",
				);
				MARKETING_VERSION = 1.0;
				PRODUCT_BUNDLE_IDENTIFIER = "com.higaki.golf-counter.watchkitapp.watchkitextension";
				PRODUCT_NAME = "${TARGET_NAME}";
				SDKROOT = watchos;
				SKIP_INSTALL = YES;
				SWIFT_EMIT_LOC_STRINGS = YES;
				SWIFT_VERSION = 5.0;
				TARGETED_DEVICE_FAMILY = 4;
				WATCHOS_DEPLOYMENT_TARGET = 8.3;
			};
			name = Release;
		};
		F6F0236027AD3F0400973C06 /* Debug */ = {
			isa = XCBuildConfiguration;
			baseConfigurationReference = 9DB9E1742BC04EAA2249A86E /* Pods-golf-counter WatchKit App.debug.xcconfig */;
			buildSettings = {
				ALWAYS_EMBED_SWIFT_STANDARD_LIBRARIES = YES;
				ASSETCATALOG_COMPILER_APPICON_NAME = AppIcon;
				ASSETCATALOG_COMPILER_GLOBAL_ACCENT_COLOR_NAME = AccentColor;
				CODE_SIGN_STYLE = Automatic;
				CURRENT_PROJECT_VERSION = 1;
				DEVELOPMENT_TEAM = T7WCWPY535;
				GENERATE_INFOPLIST_FILE = YES;
				IBSC_MODULE = golf_counter_WatchKit_Extension;
				INFOPLIST_KEY_CFBundleDisplayName = "golf-counter WatchKit App";
				INFOPLIST_KEY_UISupportedInterfaceOrientations = "UIInterfaceOrientationPortrait UIInterfaceOrientationPortraitUpsideDown";
				MARKETING_VERSION = 1.0;
				PRODUCT_BUNDLE_IDENTIFIER = "com.higaki.golf-counter.watchkitapp";
				PRODUCT_NAME = "$(TARGET_NAME)";
				SDKROOT = watchos;
				SKIP_INSTALL = YES;
				SWIFT_EMIT_LOC_STRINGS = YES;
				SWIFT_VERSION = 5.0;
				TARGETED_DEVICE_FAMILY = 4;
				WATCHOS_DEPLOYMENT_TARGET = 8.3;
			};
			name = Debug;
		};
		F6F0236127AD3F0400973C06 /* Release */ = {
			isa = XCBuildConfiguration;
			baseConfigurationReference = BA5F290821F5988536C36EA5 /* Pods-golf-counter WatchKit App.release.xcconfig */;
			buildSettings = {
				ALWAYS_EMBED_SWIFT_STANDARD_LIBRARIES = YES;
				ASSETCATALOG_COMPILER_APPICON_NAME = AppIcon;
				ASSETCATALOG_COMPILER_GLOBAL_ACCENT_COLOR_NAME = AccentColor;
				CODE_SIGN_STYLE = Automatic;
				CURRENT_PROJECT_VERSION = 1;
				DEVELOPMENT_TEAM = T7WCWPY535;
				GENERATE_INFOPLIST_FILE = YES;
				IBSC_MODULE = golf_counter_WatchKit_Extension;
				INFOPLIST_KEY_CFBundleDisplayName = "golf-counter WatchKit App";
				INFOPLIST_KEY_UISupportedInterfaceOrientations = "UIInterfaceOrientationPortrait UIInterfaceOrientationPortraitUpsideDown";
				MARKETING_VERSION = 1.0;
				PRODUCT_BUNDLE_IDENTIFIER = "com.higaki.golf-counter.watchkitapp";
				PRODUCT_NAME = "$(TARGET_NAME)";
				SDKROOT = watchos;
				SKIP_INSTALL = YES;
				SWIFT_EMIT_LOC_STRINGS = YES;
				SWIFT_VERSION = 5.0;
				TARGETED_DEVICE_FAMILY = 4;
				WATCHOS_DEPLOYMENT_TARGET = 8.3;
			};
			name = Release;
		};
		F6F0236427AD3F0400973C06 /* Debug */ = {
			isa = XCBuildConfiguration;
			baseConfigurationReference = 99325400B9F98841B32994E5 /* Pods-golf-counter.debug.xcconfig */;
			buildSettings = {
				CODE_SIGN_STYLE = Automatic;
				CURRENT_PROJECT_VERSION = 1;
				DEVELOPMENT_TEAM = T7WCWPY535;
				MARKETING_VERSION = 1.0;
				PRODUCT_BUNDLE_IDENTIFIER = "com.higaki.golf-counter";
				PRODUCT_NAME = "$(TARGET_NAME)";
				SWIFT_VERSION = 5.0;
			};
			name = Debug;
		};
		F6F0236527AD3F0400973C06 /* Release */ = {
			isa = XCBuildConfiguration;
			baseConfigurationReference = 87DFB0C2616BF34DE81A20B2 /* Pods-golf-counter.release.xcconfig */;
			buildSettings = {
				CODE_SIGN_STYLE = Automatic;
				CURRENT_PROJECT_VERSION = 1;
				DEVELOPMENT_TEAM = T7WCWPY535;
				MARKETING_VERSION = 1.0;
				PRODUCT_BUNDLE_IDENTIFIER = "com.higaki.golf-counter";
				PRODUCT_NAME = "$(TARGET_NAME)";
				SWIFT_VERSION = 5.0;
			};
			name = Release;
		};
/* End XCBuildConfiguration section */

/* Begin XCConfigurationList section */
		F6F0233627AD3F0100973C06 /* Build configuration list for PBXProject "golf-counter" */ = {
			isa = XCConfigurationList;
			buildConfigurations = (
				F6F0235927AD3F0400973C06 /* Debug */,
				F6F0235A27AD3F0400973C06 /* Release */,
			);
			defaultConfigurationIsVisible = 0;
			defaultConfigurationName = Release;
		};
		F6F0235B27AD3F0400973C06 /* Build configuration list for PBXNativeTarget "golf-counter WatchKit Extension" */ = {
			isa = XCConfigurationList;
			buildConfigurations = (
				F6F0235C27AD3F0400973C06 /* Debug */,
				F6F0235D27AD3F0400973C06 /* Release */,
			);
			defaultConfigurationIsVisible = 0;
			defaultConfigurationName = Release;
		};
		F6F0235F27AD3F0400973C06 /* Build configuration list for PBXNativeTarget "golf-counter WatchKit App" */ = {
			isa = XCConfigurationList;
			buildConfigurations = (
				F6F0236027AD3F0400973C06 /* Debug */,
				F6F0236127AD3F0400973C06 /* Release */,
			);
			defaultConfigurationIsVisible = 0;
			defaultConfigurationName = Release;
		};
		F6F0236327AD3F0400973C06 /* Build configuration list for PBXNativeTarget "golf-counter" */ = {
			isa = XCConfigurationList;
			buildConfigurations = (
				F6F0236427AD3F0400973C06 /* Debug */,
				F6F0236527AD3F0400973C06 /* Release */,
			);
			defaultConfigurationIsVisible = 0;
			defaultConfigurationName = Release;
		};
/* End XCConfigurationList section */
	};
	rootObject = F6F0233327AD3F0100973C06 /* Project object */;
}
